
Microsoft Visual Studio Solution File, Format Version 12.00
# Visual Studio 15
VisualStudioVersion = 15.0.27130.2024
MinimumVisualStudioVersion = 10.0.40219.1
Project("{FAE04EC0-301F-11D3-BF4B-00C04F79EFBC}") = "XMLSaver", "XMLSaver\XMLSaver.csproj", "{AB9795DA-F50C-4524-893D-7FE9C771B462}"
EndProject
Global
	GlobalSection(SolutionConfigurationPlatforms) = preSolution
		Debug|Any CPU = Debug|Any CPU
		Release|Any CPU = Release|Any CPU
	EndGlobalSection
	GlobalSection(ProjectConfigurationPlatforms) = postSolution
		{AB9795DA-F50C-4524-893D-7FE9C771B462}.Debug|Any CPU.ActiveCfg = Debug|Any CPU
		{AB9795DA-F50C-4524-893D-7FE9C771B462}.Debug|Any CPU.Build.0 = Debug|Any CPU
		{AB9795DA-F50C-4524-893D-7FE9C771B462}.Release|Any CPU.ActiveCfg = Release|Any CPU
		{AB9795DA-F50C-4524-893D-7FE9C771B462}.Release|Any CPU.Build.0 = Release|Any CPU
	EndGlobalSection
	GlobalSection(SolutionProperties) = preSolution
		HideSolutionNode = FALSE
	EndGlobalSection
	GlobalSection(ExtensibilityGlobals) = postSolution
		SolutionGuid = {B75E1FAD-B6A7-41D7-809F-0FE4BE06EC32}
	EndGlobalSection
EndGlobal
